
Microsoft Visual Studio Solution File, Format Version 12.00
# Visual Studio Version 17
VisualStudioVersion = 17.14.36221.1 d17.14
MinimumVisualStudioVersion = 10.0.40219.1
Project("{FAE04EC0-301F-11D3-BF4B-00C04F79EFBC}") = "LibraryConsoleApp", "LibraryConsoleApp.csproj", "{FEB48302-2E49-4D70-B4AE-E24EABD71C77}"
EndProject
Global
	GlobalSection(SolutionConfigurationPlatforms) = preSolution
		Debug|Any CPU = Debug|Any CPU
		Release|Any CPU = Release|Any CPU
	EndGlobalSection
	GlobalSection(ProjectConfigurationPlatforms) = postSolution
		{FEB48302-2E49-4D70-B4AE-E24EABD71C77}.Debug|Any CPU.ActiveCfg = Debug|Any CPU
		{FEB48302-2E49-4D70-B4AE-E24EABD71C77}.Debug|Any CPU.Build.0 = Debug|Any CPU
		{FEB48302-2E49-4D70-B4AE-E24EABD71C77}.Release|Any CPU.ActiveCfg = Release|Any CPU
		{FEB48302-2E49-4D70-B4AE-E24EABD71C77}.Release|Any CPU.Build.0 = Release|Any CPU
	EndGlobalSection
	GlobalSection(SolutionProperties) = preSolution
		HideSolutionNode = FALSE
	EndGlobalSection
	GlobalSection(ExtensibilityGlobals) = postSolution
		SolutionGuid = {48CAE75C-7543-4338-ABD7-B152DA21ED64}
	EndGlobalSection
EndGlobal
